
Microsoft Visual Studio Solution File, Format Version 12.00
# Visual Studio Version 17
VisualStudioVersion = 17.4.33103.184
MinimumVisualStudioVersion = 10.0.40219.1
Project("{9A19103F-16F7-4668-BE54-9A1E7A4F7556}") = "Maipurple.TestConsole", "Maipurple.TestConsole\Maipurple.TestConsole.csproj", "{2462CEC0-792C-4A29-A9EA-FFD156393F57}"
EndProject
Project("{9A19103F-16F7-4668-BE54-9A1E7A4F7556}") = "MaiPurple-Box", "MaiPurple-Box\MaiPurple-Box.csproj", "{5E093FB2-AC59-495E-A512-DE5D3BFFC2CB}"
EndProject
Project("{9A19103F-16F7-4668-BE54-9A1E7A4F7556}") = "MaiPurple.KusuLib", "MaiPurple.KusuLib\MaiPurple.KusuLib.csproj", "{2D50D96F-1047-4C42-8CA9-E591771D18A4}"
EndProject
Global
	GlobalSection(SolutionConfigurationPlatforms) = preSolution
		Debug|Any CPU = Debug|Any CPU
		Release|Any CPU = Release|Any CPU
	EndGlobalSection
	GlobalSection(ProjectConfigurationPlatforms) = postSolution
		{2462CEC0-792C-4A29-A9EA-FFD156393F57}.Debug|Any CPU.ActiveCfg = Debug|Any CPU
		{2462CEC0-792C-4A29-A9EA-FFD156393F57}.Debug|Any CPU.Build.0 = Debug|Any CPU
		{2462CEC0-792C-4A29-A9EA-FFD156393F57}.Release|Any CPU.ActiveCfg = Release|Any CPU
		{2462CEC0-792C-4A29-A9EA-FFD156393F57}.Release|Any CPU.Build.0 = Release|Any CPU
		{5E093FB2-AC59-495E-A512-DE5D3BFFC2CB}.Debug|Any CPU.ActiveCfg = Debug|Any CPU
		{5E093FB2-AC59-495E-A512-DE5D3BFFC2CB}.Debug|Any CPU.Build.0 = Debug|Any CPU
		{5E093FB2-AC59-495E-A512-DE5D3BFFC2CB}.Release|Any CPU.ActiveCfg = Release|Any CPU
		{5E093FB2-AC59-495E-A512-DE5D3BFFC2CB}.Release|Any CPU.Build.0 = Release|Any CPU
		{2D50D96F-1047-4C42-8CA9-E591771D18A4}.Debug|Any CPU.ActiveCfg = Debug|Any CPU
		{2D50D96F-1047-4C42-8CA9-E591771D18A4}.Debug|Any CPU.Build.0 = Debug|Any CPU
		{2D50D96F-1047-4C42-8CA9-E591771D18A4}.Release|Any CPU.ActiveCfg = Release|Any CPU
		{2D50D96F-1047-4C42-8CA9-E591771D18A4}.Release|Any CPU.Build.0 = Release|Any CPU
	EndGlobalSection
	GlobalSection(SolutionProperties) = preSolution
		HideSolutionNode = FALSE
	EndGlobalSection
	GlobalSection(ExtensibilityGlobals) = postSolution
		SolutionGuid = {8A8EE41F-6052-4A37-BC93-7B230333CD8D}
	EndGlobalSection
EndGlobal
